// !$*UTF8*$!
{
	archiveVersion = 1;
	classes = {
	};
	objectVersion = 56;
	objects = {

/* Begin PBXBuildFile section */
		F80155392BDD509B009BEBF0 /* Little_LemonApp.swift in Sources */ = {isa = PBXBuildFile; fileRef = F80155382BDD509B009BEBF0 /* Little_LemonApp.swift */; };
		F801553D2BDD509C009BEBF0 /* Assets.xcassets in Resources */ = {isa = PBXBuildFile; fileRef = F801553C2BDD509C009BEBF0 /* Assets.xcassets */; };
		F80155402BDD509C009BEBF0 /* Preview Assets.xcassets in Resources */ = {isa = PBXBuildFile; fileRef = F801553F2BDD509C009BEBF0 /* Preview Assets.xcassets */; };
		F82390AA2BDE9E4C004B7576 /* Onboarding.swift in Sources */ = {isa = PBXBuildFile; fileRef = F82390A92BDE9E4C004B7576 /* Onboarding.swift */; };
		F82390AD2BDEA0A8004B7576 /* EmailValidator.swift in Sources */ = {isa = PBXBuildFile; fileRef = F82390AC2BDEA0A8004B7576 /* EmailValidator.swift */; };
		F82390AF2BDEA9D1004B7576 /* Home.swift in Sources */ = {isa = PBXBuildFile; fileRef = F82390AE2BDEA9D1004B7576 /* Home.swift */; };
		F82390B12BDEAA3A004B7576 /* Menu.swift in Sources */ = {isa = PBXBuildFile; fileRef = F82390B02BDEAA3A004B7576 /* Menu.swift */; };
		F82390B42BDEACEA004B7576 /* NavigationItem.swift in Sources */ = {isa = PBXBuildFile; fileRef = F82390B32BDEACEA004B7576 /* NavigationItem.swift */; };
		F82390B62BDEADF5004B7576 /* UserProfile.swift in Sources */ = {isa = PBXBuildFile; fileRef = F82390B52BDEADF5004B7576 /* UserProfile.swift */; };
		F88A48662BDF2B640080304F /* InitialsImage.swift in Sources */ = {isa = PBXBuildFile; fileRef = F88A48652BDF2B640080304F /* InitialsImage.swift */; };
		F88A48682BDF2E0B0080304F /* PhotoPicker.swift in Sources */ = {isa = PBXBuildFile; fileRef = F88A48672BDF2E0B0080304F /* PhotoPicker.swift */; };
/* End PBXBuildFile section */

/* Begin PBXFileReference section */
		F80155352BDD509B009BEBF0 /* Little Lemon.app */ = {isa = PBXFileReference; explicitFileType = wrapper.application; includeInIndex = 0; path = "Little Lemon.app"; sourceTree = BUILT_PRODUCTS_DIR; };
		F80155382BDD509B009BEBF0 /* Little_LemonApp.swift */ = {isa = PBXFileReference; lastKnownFileType = sourcecode.swift; path = Little_LemonApp.swift; sourceTree = "<group>"; };
		F801553C2BDD509C009BEBF0 /* Assets.xcassets */ = {isa = PBXFileReference; lastKnownFileType = folder.assetcatalog; path = Assets.xcassets; sourceTree = "<group>"; };
		F801553F2BDD509C009BEBF0 /* Preview Assets.xcassets */ = {isa = PBXFileReference; lastKnownFileType = folder.assetcatalog; path = "Preview Assets.xcassets"; sourceTree = "<group>"; };
		F82390A92BDE9E4C004B7576 /* Onboarding.swift */ = {isa = PBXFileReference; lastKnownFileType = sourcecode.swift; path = Onboarding.swift; sourceTree = "<group>"; };
		F82390AC2BDEA0A8004B7576 /* EmailValidator.swift */ = {isa = PBXFileReference; lastKnownFileType = sourcecode.swift; path = EmailValidator.swift; sourceTree = "<group>"; };
		F82390AE2BDEA9D1004B7576 /* Home.swift */ = {isa = PBXFileReference; lastKnownFileType = sourcecode.swift; path = Home.swift; sourceTree = "<group>"; };
		F82390B02BDEAA3A004B7576 /* Menu.swift */ = {isa = PBXFileReference; lastKnownFileType = sourcecode.swift; path = Menu.swift; sourceTree = "<group>"; };
		F82390B32BDEACEA004B7576 /* NavigationItem.swift */ = {isa = PBXFileReference; lastKnownFileType = sourcecode.swift; path = NavigationItem.swift; sourceTree = "<group>"; };
		F82390B52BDEADF5004B7576 /* UserProfile.swift */ = {isa = PBXFileReference; lastKnownFileType = sourcecode.swift; path = UserProfile.swift; sourceTree = "<group>"; };
		F88A48652BDF2B640080304F /* InitialsImage.swift */ = {isa = PBXFileReference; lastKnownFileType = sourcecode.swift; path = InitialsImage.swift; sourceTree = "<group>"; };
		F88A48672BDF2E0B0080304F /* PhotoPicker.swift */ = {isa = PBXFileReference; lastKnownFileType = sourcecode.swift; path = PhotoPicker.swift; sourceTree = "<group>"; };
/* End PBXFileReference section */

/* Begin PBXFrameworksBuildPhase section */
		F80155322BDD509B009BEBF0 /* Frameworks */ = {
			isa = PBXFrameworksBuildPhase;
			buildActionMask = 2147483647;
			files = (
			);
			runOnlyForDeploymentPostprocessing = 0;
		};
/* End PBXFrameworksBuildPhase section */

/* Begin PBXGroup section */
		F801552C2BDD509B009BEBF0 = {
			isa = PBXGroup;
			children = (
				F80155372BDD509B009BEBF0 /* Little Lemon */,
				F80155362BDD509B009BEBF0 /* Products */,
			);
			sourceTree = "<group>";
		};
		F80155362BDD509B009BEBF0 /* Products */ = {
			isa = PBXGroup;
			children = (
				F80155352BDD509B009BEBF0 /* Little Lemon.app */,
			);
			name = Products;
			sourceTree = "<group>";
		};
		F80155372BDD509B009BEBF0 /* Little Lemon */ = {
			isa = PBXGroup;
			children = (
				F82390B22BDEACDF004B7576 /* Model */,
				F82390AB2BDEA095004B7576 /* Extensions */,
				F82390A82BDE9E30004B7576 /* View */,
				F80155382BDD509B009BEBF0 /* Little_LemonApp.swift */,
				F801553C2BDD509C009BEBF0 /* Assets.xcassets */,
				F801553E2BDD509C009BEBF0 /* Preview Content */,
			);
			path = "Little Lemon";
			sourceTree = "<group>";
		};
		F801553E2BDD509C009BEBF0 /* Preview Content */ = {
			isa = PBXGroup;
			children = (
				F801553F2BDD509C009BEBF0 /* Preview Assets.xcassets */,
			);
			path = "Preview Content";
			sourceTree = "<group>";
		};
		F82390A82BDE9E30004B7576 /* View */ = {
			isa = PBXGroup;
			children = (
				F82390A92BDE9E4C004B7576 /* Onboarding.swift */,
				F82390AE2BDEA9D1004B7576 /* Home.swift */,
				F82390B02BDEAA3A004B7576 /* Menu.swift */,
				F82390B52BDEADF5004B7576 /* UserProfile.swift */,
			);
			path = View;
			sourceTree = "<group>";
		};
		F82390AB2BDEA095004B7576 /* Extensions */ = {
			isa = PBXGroup;
			children = (
				F82390AC2BDEA0A8004B7576 /* EmailValidator.swift */,
				F88A48652BDF2B640080304F /* InitialsImage.swift */,
				F88A48672BDF2E0B0080304F /* PhotoPicker.swift */,
			);
			path = Extensions;
			sourceTree = "<group>";
		};
		F82390B22BDEACDF004B7576 /* Model */ = {
			isa = PBXGroup;
			children = (
				F82390B32BDEACEA004B7576 /* NavigationItem.swift */,
			);
			path = Model;
			sourceTree = "<group>";
		};
/* End PBXGroup section */

/* Begin PBXNativeTarget section */
		F80155342BDD509B009BEBF0 /* Little Lemon */ = {
			isa = PBXNativeTarget;
			buildConfigurationList = F80155432BDD509C009BEBF0 /* Build configuration list for PBXNativeTarget "Little Lemon" */;
			buildPhases = (
				F80155312BDD509B009BEBF0 /* Sources */,
				F80155322BDD509B009BEBF0 /* Frameworks */,
				F80155332BDD509B009BEBF0 /* Resources */,
			);
			buildRules = (
			);
			dependencies = (
			);
			name = "Little Lemon";
			productName = "Little Lemon";
			productReference = F80155352BDD509B009BEBF0 /* Little Lemon.app */;
			productType = "com.apple.product-type.application";
		};
/* End PBXNativeTarget section */

/* Begin PBXProject section */
		F801552D2BDD509B009BEBF0 /* Project object */ = {
			isa = PBXProject;
			attributes = {
				BuildIndependentTargetsInParallel = 1;
				LastSwiftUpdateCheck = 1530;
				LastUpgradeCheck = 1530;
				TargetAttributes = {
					F80155342BDD509B009BEBF0 = {
						CreatedOnToolsVersion = 15.3;
					};
				};
			};
			buildConfigurationList = F80155302BDD509B009BEBF0 /* Build configuration list for PBXProject "Little Lemon" */;
			compatibilityVersion = "Xcode 14.0";
			developmentRegion = en;
			hasScannedForEncodings = 0;
			knownRegions = (
				en,
				Base,
			);
			mainGroup = F801552C2BDD509B009BEBF0;
			productRefGroup = F80155362BDD509B009BEBF0 /* Products */;
			projectDirPath = "";
			projectRoot = "";
			targets = (
				F80155342BDD509B009BEBF0 /* Little Lemon */,
			);
		};
/* End PBXProject section */

/* Begin PBXResourcesBuildPhase section */
		F80155332BDD509B009BEBF0 /* Resources */ = {
			isa = PBXResourcesBuildPhase;
			buildActionMask = 2147483647;
			files = (
				F80155402BDD509C009BEBF0 /* Preview Assets.xcassets in Resources */,
				F801553D2BDD509C009BEBF0 /* Assets.xcassets in Resources */,
			);
			runOnlyForDeploymentPostprocessing = 0;
		};
/* End PBXResourcesBuildPhase section */

/* Begin PBXSourcesBuildPhase section */
		F80155312BDD509B009BEBF0 /* Sources */ = {
			isa = PBXSourcesBuildPhase;
			buildActionMask = 2147483647;
			files = (
				F82390B42BDEACEA004B7576 /* NavigationItem.swift in Sources */,
				F82390AA2BDE9E4C004B7576 /* Onboarding.swift in Sources */,
				F88A48682BDF2E0B0080304F /* PhotoPicker.swift in Sources */,
				F82390B62BDEADF5004B7576 /* UserProfile.swift in Sources */,
				F80155392BDD509B009BEBF0 /* Little_LemonApp.swift in Sources */,
				F82390AF2BDEA9D1004B7576 /* Home.swift in Sources */,
				F82390AD2BDEA0A8004B7576 /* EmailValidator.swift in Sources */,
				F88A48662BDF2B640080304F /* InitialsImage.swift in Sources */,
				F82390B12BDEAA3A004B7576 /* Menu.swift in Sources */,
			);
			runOnlyForDeploymentPostprocessing = 0;
		};
/* End PBXSourcesBuildPhase section */

/* Begin XCBuildConfiguration section */
		F80155412BDD509C009BEBF0 /* Debug */ = {
			isa = XCBuildConfiguration;
			buildSettings = {
				ALWAYS_SEARCH_USER_PATHS = NO;
				ASSETCATALOG_COMPILER_GENERATE_SWIFT_ASSET_SYMBOL_EXTENSIONS = YES;
				CLANG_ANALYZER_NONNULL = YES;
				CLANG_ANALYZER_NUMBER_OBJECT_CONVERSION = YES_AGGRESSIVE;
				CLANG_CXX_LANGUAGE_STANDARD = "gnu++20";
				CLANG_ENABLE_MODULES = YES;
				CLANG_ENABLE_OBJC_ARC = YES;
				CLANG_ENABLE_OBJC_WEAK = YES;
				CLANG_WARN_BLOCK_CAPTURE_AUTORELEASING = YES;
				CLANG_WARN_BOOL_CONVERSION = YES;
				CLANG_WARN_COMMA = YES;
				CLANG_WARN_CONSTANT_CONVERSION = YES;
				CLANG_WARN_DEPRECATED_OBJC_IMPLEMENTATIONS = YES;
				CLANG_WARN_DIRECT_OBJC_ISA_USAGE = YES_ERROR;
				CLANG_WARN_DOCUMENTATION_COMMENTS = YES;
				CLANG_WARN_EMPTY_BODY = YES;
				CLANG_WARN_ENUM_CONVERSION = YES;
				CLANG_WARN_INFINITE_RECURSION = YES;
				CLANG_WARN_INT_CONVERSION = YES;
				CLANG_WARN_NON_LITERAL_NULL_CONVERSION = YES;
				CLANG_WARN_OBJC_IMPLICIT_RETAIN_SELF = YES;
				CLANG_WARN_OBJC_LITERAL_CONVERSION = YES;
				CLANG_WARN_OBJC_ROOT_CLASS = YES_ERROR;
				CLANG_WARN_QUOTED_INCLUDE_IN_FRAMEWORK_HEADER = YES;
				CLANG_WARN_RANGE_LOOP_ANALYSIS = YES;
				CLANG_WARN_STRICT_PROTOTYPES = YES;
				CLANG_WARN_SUSPICIOUS_MOVE = YES;
				CLANG_WARN_UNGUARDED_AVAILABILITY = YES_AGGRESSIVE;
				CLANG_WARN_UNREACHABLE_CODE = YES;
				CLANG_WARN__DUPLICATE_METHOD_MATCH = YES;
				COPY_PHASE_STRIP = NO;
				DEBUG_INFORMATION_FORMAT = dwarf;
				ENABLE_STRICT_OBJC_MSGSEND = YES;
				ENABLE_TESTABILITY = YES;
				ENABLE_USER_SCRIPT_SANDBOXING = YES;
				GCC_C_LANGUAGE_STANDARD = gnu17;
				GCC_DYNAMIC_NO_PIC = NO;
				GCC_NO_COMMON_BLOCKS = YES;
				GCC_OPTIMIZATION_LEVEL = 0;
				GCC_PREPROCESSOR_DEFINITIONS = (
					"DEBUG=1",
					"$(inherited)",
				);
				GCC_WARN_64_TO_32_BIT_CONVERSION = YES;
				GCC_WARN_ABOUT_RETURN_TYPE = YES_ERROR;
				GCC_WARN_UNDECLARED_SELECTOR = YES;
				GCC_WARN_UNINITIALIZED_AUTOS = YES_AGGRESSIVE;
				GCC_WARN_UNUSED_FUNCTION = YES;
				GCC_WARN_UNUSED_VARIABLE = YES;
				IPHONEOS_DEPLOYMENT_TARGET = 17.4;
				LOCALIZATION_PREFERS_STRING_CATALOGS = YES;
				MTL_ENABLE_DEBUG_INFO = INCLUDE_SOURCE;
				MTL_FAST_MATH = YES;
				ONLY_ACTIVE_ARCH = YES;
				SDKROOT = iphoneos;
				SWIFT_ACTIVE_COMPILATION_CONDITIONS = "DEBUG $(inherited)";
				SWIFT_OPTIMIZATION_LEVEL = "-Onone";
			};
			name = Debug;
		};
		F80155422BDD509C009BEBF0 /* Release */ = {
			isa = XCBuildConfiguration;
			buildSettings = {
				ALWAYS_SEARCH_USER_PATHS = NO;
				ASSETCATALOG_COMPILER_GENERATE_SWIFT_ASSET_SYMBOL_EXTENSIONS = YES;
				CLANG_ANALYZER_NONNULL = YES;
				CLANG_ANALYZER_NUMBER_OBJECT_CONVERSION = YES_AGGRESSIVE;
				CLANG_CXX_LANGUAGE_STANDARD = "gnu++20";
				CLANG_ENABLE_MODULES = YES;
				CLANG_ENABLE_OBJC_ARC = YES;
				CLANG_ENABLE_OBJC_WEAK = YES;
				CLANG_WARN_BLOCK_CAPTURE_AUTORELEASING = YES;
				CLANG_WARN_BOOL_CONVERSION = YES;
				CLANG_WARN_COMMA = YES;
				CLANG_WARN_CONSTANT_CONVERSION = YES;
				CLANG_WARN_DEPRECATED_OBJC_IMPLEMENTATIONS = YES;
				CLANG_WARN_DIRECT_OBJC_ISA_USAGE = YES_ERROR;
				CLANG_WARN_DOCUMENTATION_COMMENTS = YES;
				CLANG_WARN_EMPTY_BODY = YES;
				CLANG_WARN_ENUM_CONVERSION = YES;
				CLANG_WARN_INFINITE_RECURSION = YES;
				CLANG_WARN_INT_CONVERSION = YES;
				CLANG_WARN_NON_LITERAL_NULL_CONVERSION = YES;
				CLANG_WARN_OBJC_IMPLICIT_RETAIN_SELF = YES;
				CLANG_WARN_OBJC_LITERAL_CONVERSION = YES;
				CLANG_WARN_OBJC_ROOT_CLASS = YES_ERROR;
				CLANG_WARN_QUOTED_INCLUDE_IN_FRAMEWORK_HEADER = YES;
				CLANG_WARN_RANGE_LOOP_ANALYSIS = YES;
				CLANG_WARN_STRICT_PROTOTYPES = YES;
				CLANG_WARN_SUSPICIOUS_MOVE = YES;
				CLANG_WARN_UNGUARDED_AVAILABILITY = YES_AGGRESSIVE;
				CLANG_WARN_UNREACHABLE_CODE = YES;
				CLANG_WARN__DUPLICATE_METHOD_MATCH = YES;
				COPY_PHASE_STRIP = NO;
				DEBUG_INFORMATION_FORMAT = "dwarf-with-dsym";
				ENABLE_NS_ASSERTIONS = NO;
				ENABLE_STRICT_OBJC_MSGSEND = YES;
				ENABLE_USER_SCRIPT_SANDBOXING = YES;
				GCC_C_LANGUAGE_STANDARD = gnu17;
				GCC_NO_COMMON_BLOCKS = YES;
				GCC_WARN_64_TO_32_BIT_CONVERSION = YES;
				GCC_WARN_ABOUT_RETURN_TYPE = YES_ERROR;
				GCC_WARN_UNDECLARED_SELECTOR = YES;
				GCC_WARN_UNINITIALIZED_AUTOS = YES_AGGRESSIVE;
				GCC_WARN_UNUSED_FUNCTION = YES;
				GCC_WARN_UNUSED_VARIABLE = YES;
				IPHONEOS_DEPLOYMENT_TARGET = 17.4;
				LOCALIZATION_PREFERS_STRING_CATALOGS = YES;
				MTL_ENABLE_DEBUG_INFO = NO;
				MTL_FAST_MATH = YES;
				SDKROOT = iphoneos;
				SWIFT_COMPILATION_MODE = wholemodule;
				VALIDATE_PRODUCT = YES;
			};
			name = Release;
		};
		F80155442BDD509C009BEBF0 /* Debug */ = {
			isa = XCBuildConfiguration;
			buildSettings = {
				ASSETCATALOG_COMPILER_APPICON_NAME = AppIcon;
				ASSETCATALOG_COMPILER_GLOBAL_ACCENT_COLOR_NAME = AccentColor;
				CODE_SIGN_STYLE = Automatic;
				CURRENT_PROJECT_VERSION = 1;
				DEVELOPMENT_ASSET_PATHS = "\"Little Lemon/Preview Content\"";
				DEVELOPMENT_TEAM = T9YQN4ZH22;
				ENABLE_PREVIEWS = YES;
				GENERATE_INFOPLIST_FILE = YES;
				INFOPLIST_KEY_LSApplicationCategoryType = "public.app-category.business";
				INFOPLIST_KEY_NSPhotoLibraryUsageDescription = "This app requires access to your photo library to allow you to select a profile picture.";
				INFOPLIST_KEY_UIApplicationSceneManifest_Generation = YES;
				INFOPLIST_KEY_UIApplicationSupportsIndirectInputEvents = YES;
				INFOPLIST_KEY_UILaunchScreen_Generation = YES;
				INFOPLIST_KEY_UISupportedInterfaceOrientations = UIInterfaceOrientationPortrait;
				IPHONEOS_DEPLOYMENT_TARGET = 17.0;
				LD_RUNPATH_SEARCH_PATHS = (
					"$(inherited)",
					"@executable_path/Frameworks",
				);
				MARKETING_VERSION = 1.0;
				PRODUCT_BUNDLE_IDENTIFIER = "com.siewthengchun.Little-Lemon";
				PRODUCT_NAME = "$(TARGET_NAME)";
				SUPPORTED_PLATFORMS = "iphoneos iphonesimulator";
				SUPPORTS_MACCATALYST = NO;
				SUPPORTS_MAC_DESIGNED_FOR_IPHONE_IPAD = NO;
				SUPPORTS_XR_DESIGNED_FOR_IPHONE_IPAD = NO;
				SWIFT_EMIT_LOC_STRINGS = YES;
				SWIFT_VERSION = 5.0;
				TARGETED_DEVICE_FAMILY = "1,2";
			};
			name = Debug;
		};
		F80155452BDD509C009BEBF0 /* Release */ = {
			isa = XCBuildConfiguration;
			buildSettings = {
				ASSETCATALOG_COMPILER_APPICON_NAME = AppIcon;
				ASSETCATALOG_COMPILER_GLOBAL_ACCENT_COLOR_NAME = AccentColor;
				CODE_SIGN_STYLE = Automatic;
				CURRENT_PROJECT_VERSION = 1;
				DEVELOPMENT_ASSET_PATHS = "\"Little Lemon/Preview Content\"";
				DEVELOPMENT_TEAM = T9YQN4ZH22;
				ENABLE_PREVIEWS = YES;
				GENERATE_INFOPLIST_FILE = YES;
				INFOPLIST_KEY_LSApplicationCategoryType = "public.app-category.business";
				INFOPLIST_KEY_NSPhotoLibraryUsageDescription = "This app requires access to your photo library to allow you to select a profile picture.";
				INFOPLIST_KEY_UIApplicationSceneManifest_Generation = YES;
				INFOPLIST_KEY_UIApplicationSupportsIndirectInputEvents = YES;
				INFOPLIST_KEY_UILaunchScreen_Generation = YES;
				INFOPLIST_KEY_UISupportedInterfaceOrientations = UIInterfaceOrientationPortrait;
				IPHONEOS_DEPLOYMENT_TARGET = 17.0;
				LD_RUNPATH_SEARCH_PATHS = (
					"$(inherited)",
					"@executable_path/Frameworks",
				);
				MARKETING_VERSION = 1.0;
				PRODUCT_BUNDLE_IDENTIFIER = "com.siewthengchun.Little-Lemon";
				PRODUCT_NAME = "$(TARGET_NAME)";
				SUPPORTED_PLATFORMS = "iphoneos iphonesimulator";
				SUPPORTS_MACCATALYST = NO;
				SUPPORTS_MAC_DESIGNED_FOR_IPHONE_IPAD = NO;
				SUPPORTS_XR_DESIGNED_FOR_IPHONE_IPAD = NO;
				SWIFT_EMIT_LOC_STRINGS = YES;
				SWIFT_VERSION = 5.0;
				TARGETED_DEVICE_FAMILY = "1,2";
			};
			name = Release;
		};
/* End XCBuildConfiguration section */

/* Begin XCConfigurationList section */
		F80155302BDD509B009BEBF0 /* Build configuration list for PBXProject "Little Lemon" */ = {
			isa = XCConfigurationList;
			buildConfigurations = (
				F80155412BDD509C009BEBF0 /* Debug */,
				F80155422BDD509C009BEBF0 /* Release */,
			);
			defaultConfigurationIsVisible = 0;
			defaultConfigurationName = Release;
		};
		F80155432BDD509C009BEBF0 /* Build configuration list for PBXNativeTarget "Little Lemon" */ = {
			isa = XCConfigurationList;
			buildConfigurations = (
				F80155442BDD509C009BEBF0 /* Debug */,
				F80155452BDD509C009BEBF0 /* Release */,
			);
			defaultConfigurationIsVisible = 0;
			defaultConfigurationName = Release;
		};
/* End XCConfigurationList section */
	};
	rootObject = F801552D2BDD509B009BEBF0 /* Project object */;
}
